// !$*UTF8*$!
{
	archiveVersion = 1;
	classes = {
	};
	objectVersion = 52;
	objects = {

/* Begin PBXBuildFile section */
		9C05A1EB23ED6EB900F1327C /* TimelaneTestAppTests.swift in Sources */ = {isa = PBXBuildFile; fileRef = 9C05A1EA23ED6EB900F1327C /* TimelaneTestAppTests.swift */; };
		9CE69BBE23DCF70E00E91DA4 /* TimelaneCombine in Frameworks */ = {isa = PBXBuildFile; productRef = 9CE69BBD23DCF70E00E91DA4 /* TimelaneCombine */; };
		9CEEA2F723DCE9D800C7D9FE /* TimelaneInstrument.instrpkg in Sources */ = {isa = PBXBuildFile; fileRef = 9CEEA2F623DCE9D800C7D9FE /* TimelaneInstrument.instrpkg */; };
		9CEEA30223DCEA2200C7D9FE /* AppDelegate.swift in Sources */ = {isa = PBXBuildFile; fileRef = 9CEEA30123DCEA2200C7D9FE /* AppDelegate.swift */; };
		9CEEA30623DCEA2200C7D9FE /* ViewController.swift in Sources */ = {isa = PBXBuildFile; fileRef = 9CEEA30523DCEA2200C7D9FE /* ViewController.swift */; };
		9CEEA30923DCEA2200C7D9FE /* Main.storyboard in Resources */ = {isa = PBXBuildFile; fileRef = 9CEEA30723DCEA2200C7D9FE /* Main.storyboard */; };
		9CEEA30B23DCEA2300C7D9FE /* Assets.xcassets in Resources */ = {isa = PBXBuildFile; fileRef = 9CEEA30A23DCEA2300C7D9FE /* Assets.xcassets */; };
		9CEEA30E23DCEA2300C7D9FE /* LaunchScreen.storyboard in Resources */ = {isa = PBXBuildFile; fileRef = 9CEEA30C23DCEA2300C7D9FE /* LaunchScreen.storyboard */; };
		9CEEA31423DCEE4600C7D9FE /* Worker.swift in Sources */ = {isa = PBXBuildFile; fileRef = 9CEEA31323DCEE4600C7D9FE /* Worker.swift */; };
/* End PBXBuildFile section */

/* Begin PBXContainerItemProxy section */
		9C05A1ED23ED6EB900F1327C /* PBXContainerItemProxy */ = {
			isa = PBXContainerItemProxy;
			containerPortal = 9CEEA2ED23DCE9D800C7D9FE /* Project object */;
			proxyType = 1;
			remoteGlobalIDString = 9CEEA2FE23DCEA2200C7D9FE;
			remoteInfo = TimelaneTestApp;
		};
/* End PBXContainerItemProxy section */

/* Begin PBXFileReference section */
		9C05A1E823ED6EB900F1327C /* TimelaneTestAppTests.xctest */ = {isa = PBXFileReference; explicitFileType = wrapper.cfbundle; includeInIndex = 0; path = TimelaneTestAppTests.xctest; sourceTree = BUILT_PRODUCTS_DIR; };
		9C05A1EA23ED6EB900F1327C /* TimelaneTestAppTests.swift */ = {isa = PBXFileReference; lastKnownFileType = sourcecode.swift; path = TimelaneTestAppTests.swift; sourceTree = "<group>"; };
		9C05A1EC23ED6EB900F1327C /* Info.plist */ = {isa = PBXFileReference; lastKnownFileType = text.plist.xml; path = Info.plist; sourceTree = "<group>"; };
		9CEEA2F323DCE9D800C7D9FE /* TimelaneInstrument.instrdst */ = {isa = PBXFileReference; explicitFileType = com.apple.instruments.instrdst; includeInIndex = 0; path = TimelaneInstrument.instrdst; sourceTree = BUILT_PRODUCTS_DIR; };
		9CEEA2F623DCE9D800C7D9FE /* TimelaneInstrument.instrpkg */ = {isa = PBXFileReference; lastKnownFileType = "com.apple.instruments.package-definition"; path = TimelaneInstrument.instrpkg; sourceTree = "<group>"; };
		9CEEA2FF23DCEA2200C7D9FE /* TimelaneTestApp.app */ = {isa = PBXFileReference; explicitFileType = wrapper.application; includeInIndex = 0; path = TimelaneTestApp.app; sourceTree = BUILT_PRODUCTS_DIR; };
		9CEEA30123DCEA2200C7D9FE /* AppDelegate.swift */ = {isa = PBXFileReference; lastKnownFileType = sourcecode.swift; path = AppDelegate.swift; sourceTree = "<group>"; };
		9CEEA30523DCEA2200C7D9FE /* ViewController.swift */ = {isa = PBXFileReference; lastKnownFileType = sourcecode.swift; path = ViewController.swift; sourceTree = "<group>"; };
		9CEEA30823DCEA2200C7D9FE /* Base */ = {isa = PBXFileReference; lastKnownFileType = file.storyboard; name = Base; path = Base.lproj/Main.storyboard; sourceTree = "<group>"; };
		9CEEA30A23DCEA2300C7D9FE /* Assets.xcassets */ = {isa = PBXFileReference; lastKnownFileType = folder.assetcatalog; path = Assets.xcassets; sourceTree = "<group>"; };
		9CEEA30D23DCEA2300C7D9FE /* Base */ = {isa = PBXFileReference; lastKnownFileType = file.storyboard; name = Base; path = Base.lproj/LaunchScreen.storyboard; sourceTree = "<group>"; };
		9CEEA30F23DCEA2300C7D9FE /* Info.plist */ = {isa = PBXFileReference; lastKnownFileType = text.plist.xml; path = Info.plist; sourceTree = "<group>"; };
		9CEEA31323DCEE4600C7D9FE /* Worker.swift */ = {isa = PBXFileReference; lastKnownFileType = sourcecode.swift; path = Worker.swift; sourceTree = "<group>"; };
/* End PBXFileReference section */

/* Begin PBXFrameworksBuildPhase section */
		9C05A1E523ED6EB900F1327C /* Frameworks */ = {
			isa = PBXFrameworksBuildPhase;
			buildActionMask = 2147483647;
			files = (
			);
			runOnlyForDeploymentPostprocessing = 0;
		};
		9CEEA2FC23DCEA2200C7D9FE /* Frameworks */ = {
			isa = PBXFrameworksBuildPhase;
			buildActionMask = 2147483647;
			files = (
				9CE69BBE23DCF70E00E91DA4 /* TimelaneCombine in Frameworks */,
			);
			runOnlyForDeploymentPostprocessing = 0;
		};
/* End PBXFrameworksBuildPhase section */

/* Begin PBXGroup section */
		9C05A1E923ED6EB900F1327C /* TimelaneTestAppTests */ = {
			isa = PBXGroup;
			children = (
				9C05A1EA23ED6EB900F1327C /* TimelaneTestAppTests.swift */,
				9C05A1EC23ED6EB900F1327C /* Info.plist */,
			);
			path = TimelaneTestAppTests;
			sourceTree = "<group>";
		};
		9C30672023DDC770005D6662 /* Resources */ = {
			isa = PBXGroup;
			children = (
				9CEEA30723DCEA2200C7D9FE /* Main.storyboard */,
				9CEEA30A23DCEA2300C7D9FE /* Assets.xcassets */,
				9CEEA30C23DCEA2300C7D9FE /* LaunchScreen.storyboard */,
			);
			path = Resources;
			sourceTree = "<group>";
		};
		9CAD907423DCF3E100C1DECF /* Frameworks */ = {
			isa = PBXGroup;
			children = (
			);
			name = Frameworks;
			sourceTree = "<group>";
		};
		9CEEA2EC23DCE9D800C7D9FE = {
			isa = PBXGroup;
			children = (
				9CEEA2F523DCE9D800C7D9FE /* TimelaneInstrument */,
				9CEEA30023DCEA2200C7D9FE /* TimelaneTestApp */,
				9C05A1E923ED6EB900F1327C /* TimelaneTestAppTests */,
				9CEEA2F423DCE9D800C7D9FE /* Products */,
				9CAD907423DCF3E100C1DECF /* Frameworks */,
			);
			sourceTree = "<group>";
		};
		9CEEA2F423DCE9D800C7D9FE /* Products */ = {
			isa = PBXGroup;
			children = (
				9CEEA2F323DCE9D800C7D9FE /* TimelaneInstrument.instrdst */,
				9CEEA2FF23DCEA2200C7D9FE /* TimelaneTestApp.app */,
				9C05A1E823ED6EB900F1327C /* TimelaneTestAppTests.xctest */,
			);
			name = Products;
			sourceTree = "<group>";
		};
		9CEEA2F523DCE9D800C7D9FE /* TimelaneInstrument */ = {
			isa = PBXGroup;
			children = (
				9CEEA2F623DCE9D800C7D9FE /* TimelaneInstrument.instrpkg */,
			);
			path = TimelaneInstrument;
			sourceTree = "<group>";
		};
		9CEEA30023DCEA2200C7D9FE /* TimelaneTestApp */ = {
			isa = PBXGroup;
			children = (
				9C30672023DDC770005D6662 /* Resources */,
				9CEEA30123DCEA2200C7D9FE /* AppDelegate.swift */,
				9CEEA30523DCEA2200C7D9FE /* ViewController.swift */,
				9CEEA31323DCEE4600C7D9FE /* Worker.swift */,
				9CEEA30F23DCEA2300C7D9FE /* Info.plist */,
			);
			path = TimelaneTestApp;
			sourceTree = "<group>";
		};
/* End PBXGroup section */

/* Begin PBXNativeTarget section */
		9C05A1E723ED6EB900F1327C /* TimelaneTestAppTests */ = {
			isa = PBXNativeTarget;
			buildConfigurationList = 9C05A1F123ED6EB900F1327C /* Build configuration list for PBXNativeTarget "TimelaneTestAppTests" */;
			buildPhases = (
				9C05A1E423ED6EB900F1327C /* Sources */,
				9C05A1E523ED6EB900F1327C /* Frameworks */,
				9C05A1E623ED6EB900F1327C /* Resources */,
			);
			buildRules = (
			);
			dependencies = (
				9C05A1EE23ED6EB900F1327C /* PBXTargetDependency */,
			);
			name = TimelaneTestAppTests;
			productName = TimelaneTestAppTests;
			productReference = 9C05A1E823ED6EB900F1327C /* TimelaneTestAppTests.xctest */;
			productType = "com.apple.product-type.bundle.unit-test";
		};
		9CEEA2F223DCE9D800C7D9FE /* TimelaneInstrument */ = {
			isa = PBXNativeTarget;
			buildConfigurationList = 9CEEA2F823DCE9D800C7D9FE /* Build configuration list for PBXNativeTarget "TimelaneInstrument" */;
			buildPhases = (
				9CEEA2F123DCE9D800C7D9FE /* Sources */,
			);
			buildRules = (
			);
			dependencies = (
			);
			name = TimelaneInstrument;
			packageProductDependencies = (
			);
			productName = TimelaneInstrument;
			productReference = 9CEEA2F323DCE9D800C7D9FE /* TimelaneInstrument.instrdst */;
			productType = "com.apple.product-type.instruments-package";
		};
		9CEEA2FE23DCEA2200C7D9FE /* TimelaneTestApp */ = {
			isa = PBXNativeTarget;
			buildConfigurationList = 9CEEA31023DCEA2300C7D9FE /* Build configuration list for PBXNativeTarget "TimelaneTestApp" */;
			buildPhases = (
				9CEEA2FB23DCEA2200C7D9FE /* Sources */,
				9CEEA2FC23DCEA2200C7D9FE /* Frameworks */,
				9CEEA2FD23DCEA2200C7D9FE /* Resources */,
			);
			buildRules = (
			);
			dependencies = (
			);
			name = TimelaneTestApp;
			packageProductDependencies = (
				9CE69BBD23DCF70E00E91DA4 /* TimelaneCombine */,
			);
			productName = TimelaneTestApp;
			productReference = 9CEEA2FF23DCEA2200C7D9FE /* TimelaneTestApp.app */;
			productType = "com.apple.product-type.application";
		};
/* End PBXNativeTarget section */

/* Begin PBXProject section */
		9CEEA2ED23DCE9D800C7D9FE /* Project object */ = {
			isa = PBXProject;
			attributes = {
				LastSwiftUpdateCheck = 1130;
				LastUpgradeCheck = 1130;
				ORGANIZATIONNAME = "Underplot ltd";
				TargetAttributes = {
					9C05A1E723ED6EB900F1327C = {
						CreatedOnToolsVersion = 11.3;
						TestTargetID = 9CEEA2FE23DCEA2200C7D9FE;
					};
					9CEEA2F223DCE9D800C7D9FE = {
						CreatedOnToolsVersion = 11.3;
					};
					9CEEA2FE23DCEA2200C7D9FE = {
						CreatedOnToolsVersion = 11.3;
					};
				};
			};
			buildConfigurationList = 9CEEA2F023DCE9D800C7D9FE /* Build configuration list for PBXProject "TimelaneInstrument" */;
			compatibilityVersion = "Xcode 9.3";
			developmentRegion = en;
			hasScannedForEncodings = 0;
			knownRegions = (
				en,
				Base,
			);
			mainGroup = 9CEEA2EC23DCE9D800C7D9FE;
			packageReferences = (
				9CE69BBC23DCF70E00E91DA4 /* XCRemoteSwiftPackageReference "TimelaneCombine" */,
			);
			productRefGroup = 9CEEA2F423DCE9D800C7D9FE /* Products */;
			projectDirPath = "";
			projectRoot = "";
			targets = (
				9CEEA2F223DCE9D800C7D9FE /* TimelaneInstrument */,
				9CEEA2FE23DCEA2200C7D9FE /* TimelaneTestApp */,
				9C05A1E723ED6EB900F1327C /* TimelaneTestAppTests */,
			);
		};
/* End PBXProject section */

/* Begin PBXResourcesBuildPhase section */
		9C05A1E623ED6EB900F1327C /* Resources */ = {
			isa = PBXResourcesBuildPhase;
			buildActionMask = 2147483647;
			files = (
			);
			runOnlyForDeploymentPostprocessing = 0;
		};
		9CEEA2FD23DCEA2200C7D9FE /* Resources */ = {
			isa = PBXResourcesBuildPhase;
			buildActionMask = 2147483647;
			files = (
				9CEEA30E23DCEA2300C7D9FE /* LaunchScreen.storyboard in Resources */,
				9CEEA30B23DCEA2300C7D9FE /* Assets.xcassets in Resources */,
				9CEEA30923DCEA2200C7D9FE /* Main.storyboard in Resources */,
			);
			runOnlyForDeploymentPostprocessing = 0;
		};
/* End PBXResourcesBuildPhase section */

/* Begin PBXSourcesBuildPhase section */
		9C05A1E423ED6EB900F1327C /* Sources */ = {
			isa = PBXSourcesBuildPhase;
			buildActionMask = 2147483647;
			files = (
				9C05A1EB23ED6EB900F1327C /* TimelaneTestAppTests.swift in Sources */,
			);
			runOnlyForDeploymentPostprocessing = 0;
		};
		9CEEA2F123DCE9D800C7D9FE /* Sources */ = {
			isa = PBXSourcesBuildPhase;
			buildActionMask = 2147483647;
			files = (
				9CEEA2F723DCE9D800C7D9FE /* TimelaneInstrument.instrpkg in Sources */,
			);
			runOnlyForDeploymentPostprocessing = 0;
		};
		9CEEA2FB23DCEA2200C7D9FE /* Sources */ = {
			isa = PBXSourcesBuildPhase;
			buildActionMask = 2147483647;
			files = (
				9CEEA30623DCEA2200C7D9FE /* ViewController.swift in Sources */,
				9CEEA31423DCEE4600C7D9FE /* Worker.swift in Sources */,
				9CEEA30223DCEA2200C7D9FE /* AppDelegate.swift in Sources */,
			);
			runOnlyForDeploymentPostprocessing = 0;
		};
/* End PBXSourcesBuildPhase section */

/* Begin PBXTargetDependency section */
		9C05A1EE23ED6EB900F1327C /* PBXTargetDependency */ = {
			isa = PBXTargetDependency;
			target = 9CEEA2FE23DCEA2200C7D9FE /* TimelaneTestApp */;
			targetProxy = 9C05A1ED23ED6EB900F1327C /* PBXContainerItemProxy */;
		};
/* End PBXTargetDependency section */

/* Begin PBXVariantGroup section */
		9CEEA30723DCEA2200C7D9FE /* Main.storyboard */ = {
			isa = PBXVariantGroup;
			children = (
				9CEEA30823DCEA2200C7D9FE /* Base */,
			);
			name = Main.storyboard;
			sourceTree = "<group>";
		};
		9CEEA30C23DCEA2300C7D9FE /* LaunchScreen.storyboard */ = {
			isa = PBXVariantGroup;
			children = (
				9CEEA30D23DCEA2300C7D9FE /* Base */,
			);
			name = LaunchScreen.storyboard;
			sourceTree = "<group>";
		};
/* End PBXVariantGroup section */

/* Begin XCBuildConfiguration section */
		9C05A1EF23ED6EB900F1327C /* Debug */ = {
			isa = XCBuildConfiguration;
			buildSettings = {
				ALWAYS_SEARCH_USER_PATHS = NO;
				BUNDLE_LOADER = "$(TEST_HOST)";
				CLANG_ANALYZER_NONNULL = YES;
				CLANG_ANALYZER_NUMBER_OBJECT_CONVERSION = YES_AGGRESSIVE;
				CLANG_CXX_LANGUAGE_STANDARD = "gnu++14";
				CLANG_CXX_LIBRARY = "libc++";
				CLANG_ENABLE_MODULES = YES;
				CLANG_ENABLE_OBJC_ARC = YES;
				CLANG_ENABLE_OBJC_WEAK = YES;
				CLANG_WARN_BLOCK_CAPTURE_AUTORELEASING = YES;
				CLANG_WARN_BOOL_CONVERSION = YES;
				CLANG_WARN_COMMA = YES;
				CLANG_WARN_CONSTANT_CONVERSION = YES;
				CLANG_WARN_DEPRECATED_OBJC_IMPLEMENTATIONS = YES;
				CLANG_WARN_DIRECT_OBJC_ISA_USAGE = YES_ERROR;
				CLANG_WARN_DOCUMENTATION_COMMENTS = YES;
				CLANG_WARN_EMPTY_BODY = YES;
				CLANG_WARN_ENUM_CONVERSION = YES;
				CLANG_WARN_INFINITE_RECURSION = YES;
				CLANG_WARN_INT_CONVERSION = YES;
				CLANG_WARN_NON_LITERAL_NULL_CONVERSION = YES;
				CLANG_WARN_OBJC_IMPLICIT_RETAIN_SELF = YES;
				CLANG_WARN_OBJC_LITERAL_CONVERSION = YES;
				CLANG_WARN_OBJC_ROOT_CLASS = YES_ERROR;
				CLANG_WARN_RANGE_LOOP_ANALYSIS = YES;
				CLANG_WARN_STRICT_PROTOTYPES = YES;
				CLANG_WARN_SUSPICIOUS_MOVE = YES;
				CLANG_WARN_UNGUARDED_AVAILABILITY = YES_AGGRESSIVE;
				CLANG_WARN_UNREACHABLE_CODE = YES;
				CLANG_WARN__DUPLICATE_METHOD_MATCH = YES;
				CODE_SIGN_STYLE = Automatic;
				DEBUG_INFORMATION_FORMAT = dwarf;
				DEVELOPMENT_TEAM = 9MF8G8D9Y5;
				ENABLE_STRICT_OBJC_MSGSEND = YES;
				ENABLE_TESTABILITY = YES;
				GCC_C_LANGUAGE_STANDARD = gnu11;
				GCC_DYNAMIC_NO_PIC = NO;
				GCC_NO_COMMON_BLOCKS = YES;
				GCC_OPTIMIZATION_LEVEL = 0;
				GCC_PREPROCESSOR_DEFINITIONS = (
					"DEBUG=1",
					"$(inherited)",
				);
				GCC_WARN_64_TO_32_BIT_CONVERSION = YES;
				GCC_WARN_ABOUT_RETURN_TYPE = YES_ERROR;
				GCC_WARN_UNDECLARED_SELECTOR = YES;
				GCC_WARN_UNINITIALIZED_AUTOS = YES_AGGRESSIVE;
				GCC_WARN_UNUSED_FUNCTION = YES;
				GCC_WARN_UNUSED_VARIABLE = YES;
				INFOPLIST_FILE = TimelaneTestAppTests/Info.plist;
				IPHONEOS_DEPLOYMENT_TARGET = 13.2;
				LD_RUNPATH_SEARCH_PATHS = (
					"$(inherited)",
					"@executable_path/Frameworks",
					"@loader_path/Frameworks",
				);
				MTL_ENABLE_DEBUG_INFO = INCLUDE_SOURCE;
				MTL_FAST_MATH = YES;
				ONLY_ACTIVE_ARCH = YES;
				PRODUCT_BUNDLE_IDENTIFIER = com.underplot.TimelaneTestAppTests;
				PRODUCT_NAME = "$(TARGET_NAME)";
				SDKROOT = iphoneos;
				SWIFT_ACTIVE_COMPILATION_CONDITIONS = DEBUG;
				SWIFT_OPTIMIZATION_LEVEL = "-Onone";
				SWIFT_VERSION = 5.0;
				TARGETED_DEVICE_FAMILY = "1,2";
				TEST_HOST = "$(BUILT_PRODUCTS_DIR)/TimelaneTestApp.app/TimelaneTestApp";
			};
			name = Debug;
		};
		9C05A1F023ED6EB900F1327C /* Release */ = {
			isa = XCBuildConfiguration;
			buildSettings = {
				ALWAYS_SEARCH_USER_PATHS = NO;
				BUNDLE_LOADER = "$(TEST_HOST)";
				CLANG_ANALYZER_NONNULL = YES;
				CLANG_ANALYZER_NUMBER_OBJECT_CONVERSION = YES_AGGRESSIVE;
				CLANG_CXX_LANGUAGE_STANDARD = "gnu++14";
				CLANG_CXX_LIBRARY = "libc++";
				CLANG_ENABLE_MODULES = YES;
				CLANG_ENABLE_OBJC_ARC = YES;
				CLANG_ENABLE_OBJC_WEAK = YES;
				CLANG_WARN_BLOCK_CAPTURE_AUTORELEASING = YES;
				CLANG_WARN_BOOL_CONVERSION = YES;
				CLANG_WARN_COMMA = YES;
				CLANG_WARN_CONSTANT_CONVERSION = YES;
				CLANG_WARN_DEPRECATED_OBJC_IMPLEMENTATIONS = YES;
				CLANG_WARN_DIRECT_OBJC_ISA_USAGE = YES_ERROR;
				CLANG_WARN_DOCUMENTATION_COMMENTS = YES;
				CLANG_WARN_EMPTY_BODY = YES;
				CLANG_WARN_ENUM_CONVERSION = YES;
				CLANG_WARN_INFINITE_RECURSION = YES;
				CLANG_WARN_INT_CONVERSION = YES;
				CLANG_WARN_NON_LITERAL_NULL_CONVERSION = YES;
				CLANG_WARN_OBJC_IMPLICIT_RETAIN_SELF = YES;
				CLANG_WARN_OBJC_LITERAL_CONVERSION = YES;
				CLANG_WARN_OBJC_ROOT_CLASS = YES_ERROR;
				CLANG_WARN_RANGE_LOOP_ANALYSIS = YES;
				CLANG_WARN_STRICT_PROTOTYPES = YES;
				CLANG_WARN_SUSPICIOUS_MOVE = YES;
				CLANG_WARN_UNGUARDED_AVAILABILITY = YES_AGGRESSIVE;
				CLANG_WARN_UNREACHABLE_CODE = YES;
				CLANG_WARN__DUPLICATE_METHOD_MATCH = YES;
				CODE_SIGN_STYLE = Automatic;
				COPY_PHASE_STRIP = NO;
				DEBUG_INFORMATION_FORMAT = "dwarf-with-dsym";
				DEVELOPMENT_TEAM = 9MF8G8D9Y5;
				ENABLE_NS_ASSERTIONS = NO;
				ENABLE_STRICT_OBJC_MSGSEND = YES;
				GCC_C_LANGUAGE_STANDARD = gnu11;
				GCC_NO_COMMON_BLOCKS = YES;
				GCC_WARN_64_TO_32_BIT_CONVERSION = YES;
				GCC_WARN_ABOUT_RETURN_TYPE = YES_ERROR;
				GCC_WARN_UNDECLARED_SELECTOR = YES;
				GCC_WARN_UNINITIALIZED_AUTOS = YES_AGGRESSIVE;
				GCC_WARN_UNUSED_FUNCTION = YES;
				GCC_WARN_UNUSED_VARIABLE = YES;
				INFOPLIST_FILE = TimelaneTestAppTests/Info.plist;
				IPHONEOS_DEPLOYMENT_TARGET = 13.2;
				LD_RUNPATH_SEARCH_PATHS = (
					"$(inherited)",
					"@executable_path/Frameworks",
					"@loader_path/Frameworks",
				);
				MTL_ENABLE_DEBUG_INFO = NO;
				MTL_FAST_MATH = YES;
				PRODUCT_BUNDLE_IDENTIFIER = com.underplot.TimelaneTestAppTests;
				PRODUCT_NAME = "$(TARGET_NAME)";
				SDKROOT = iphoneos;
				SWIFT_COMPILATION_MODE = wholemodule;
				SWIFT_OPTIMIZATION_LEVEL = "-O";
				SWIFT_VERSION = 5.0;
				TARGETED_DEVICE_FAMILY = "1,2";
				TEST_HOST = "$(BUILT_PRODUCTS_DIR)/TimelaneTestApp.app/TimelaneTestApp";
				VALIDATE_PRODUCT = YES;
			};
			name = Release;
		};
		9CEEA2EE23DCE9D800C7D9FE /* Debug */ = {
			isa = XCBuildConfiguration;
			buildSettings = {
				COPY_PHASE_STRIP = NO;
			};
			name = Debug;
		};
		9CEEA2EF23DCE9D800C7D9FE /* Release */ = {
			isa = XCBuildConfiguration;
			buildSettings = {
				COPY_PHASE_STRIP = YES;
			};
			name = Release;
		};
		9CEEA2F923DCE9D800C7D9FE /* Debug */ = {
			isa = XCBuildConfiguration;
			buildSettings = {
				ALWAYS_SEARCH_USER_PATHS = NO;
				CODE_SIGN_STYLE = Automatic;
				DEVELOPMENT_TEAM = 9MF8G8D9Y5;
				INSTALL_PATH = "$(LOCAL_LIBRARY_DIR)/Instruments/Packages";
				PRODUCT_NAME = "$(TARGET_NAME)";
				VERSIONING_SYSTEM = "";
			};
			name = Debug;
		};
		9CEEA2FA23DCE9D800C7D9FE /* Release */ = {
			isa = XCBuildConfiguration;
			buildSettings = {
				ALWAYS_SEARCH_USER_PATHS = NO;
				CODE_SIGN_STYLE = Automatic;
				DEVELOPMENT_TEAM = 9MF8G8D9Y5;
				INSTALL_PATH = "$(LOCAL_LIBRARY_DIR)/Instruments/Packages";
				PRODUCT_NAME = "$(TARGET_NAME)";
				VERSIONING_SYSTEM = "";
			};
			name = Release;
		};
		9CEEA31123DCEA2300C7D9FE /* Debug */ = {
			isa = XCBuildConfiguration;
			buildSettings = {
				ALWAYS_SEARCH_USER_PATHS = NO;
				ASSETCATALOG_COMPILER_APPICON_NAME = AppIcon;
				CLANG_ANALYZER_NONNULL = YES;
				CLANG_ANALYZER_NUMBER_OBJECT_CONVERSION = YES_AGGRESSIVE;
				CLANG_CXX_LANGUAGE_STANDARD = "gnu++14";
				CLANG_CXX_LIBRARY = "libc++";
				CLANG_ENABLE_MODULES = YES;
				CLANG_ENABLE_OBJC_ARC = YES;
				CLANG_ENABLE_OBJC_WEAK = YES;
				CLANG_WARN_BLOCK_CAPTURE_AUTORELEASING = YES;
				CLANG_WARN_BOOL_CONVERSION = YES;
				CLANG_WARN_COMMA = YES;
				CLANG_WARN_CONSTANT_CONVERSION = YES;
				CLANG_WARN_DEPRECATED_OBJC_IMPLEMENTATIONS = YES;
				CLANG_WARN_DIRECT_OBJC_ISA_USAGE = YES_ERROR;
				CLANG_WARN_DOCUMENTATION_COMMENTS = YES;
				CLANG_WARN_EMPTY_BODY = YES;
				CLANG_WARN_ENUM_CONVERSION = YES;
				CLANG_WARN_INFINITE_RECURSION = YES;
				CLANG_WARN_INT_CONVERSION = YES;
				CLANG_WARN_NON_LITERAL_NULL_CONVERSION = YES;
				CLANG_WARN_OBJC_IMPLICIT_RETAIN_SELF = YES;
				CLANG_WARN_OBJC_LITERAL_CONVERSION = YES;
				CLANG_WARN_OBJC_ROOT_CLASS = YES_ERROR;
				CLANG_WARN_RANGE_LOOP_ANALYSIS = YES;
				CLANG_WARN_STRICT_PROTOTYPES = YES;
				CLANG_WARN_SUSPICIOUS_MOVE = YES;
				CLANG_WARN_UNGUARDED_AVAILABILITY = YES_AGGRESSIVE;
				CLANG_WARN_UNREACHABLE_CODE = YES;
				CLANG_WARN__DUPLICATE_METHOD_MATCH = YES;
				CODE_SIGN_STYLE = Automatic;
				CURRENT_PROJECT_VERSION = 3;
				DEBUG_INFORMATION_FORMAT = dwarf;
				DEVELOPMENT_TEAM = 9MF8G8D9Y5;
				ENABLE_STRICT_OBJC_MSGSEND = YES;
				ENABLE_TESTABILITY = YES;
				GCC_C_LANGUAGE_STANDARD = gnu11;
				GCC_DYNAMIC_NO_PIC = NO;
				GCC_NO_COMMON_BLOCKS = YES;
				GCC_OPTIMIZATION_LEVEL = 0;
				GCC_PREPROCESSOR_DEFINITIONS = (
					"DEBUG=1",
					"$(inherited)",
				);
				GCC_WARN_64_TO_32_BIT_CONVERSION = YES;
				GCC_WARN_ABOUT_RETURN_TYPE = YES_ERROR;
				GCC_WARN_UNDECLARED_SELECTOR = YES;
				GCC_WARN_UNINITIALIZED_AUTOS = YES_AGGRESSIVE;
				GCC_WARN_UNUSED_FUNCTION = YES;
				GCC_WARN_UNUSED_VARIABLE = YES;
				INFOPLIST_FILE = TimelaneTestApp/Info.plist;
				IPHONEOS_DEPLOYMENT_TARGET = 13.2;
				LD_RUNPATH_SEARCH_PATHS = (
					"$(inherited)",
					"@executable_path/Frameworks",
				);
				MARKETING_VERSION = 1.0.0;
				MTL_ENABLE_DEBUG_INFO = INCLUDE_SOURCE;
				MTL_FAST_MATH = YES;
				ONLY_ACTIVE_ARCH = YES;
				PRODUCT_BUNDLE_IDENTIFIER = com.underplot.TimelaneTestApp;
				PRODUCT_NAME = "$(TARGET_NAME)";
				SDKROOT = iphoneos;
				SWIFT_ACTIVE_COMPILATION_CONDITIONS = DEBUG;
				SWIFT_OPTIMIZATION_LEVEL = "-Onone";
				SWIFT_VERSION = 5.0;
				TARGETED_DEVICE_FAMILY = 1;
			};
			name = Debug;
		};
		9CEEA31223DCEA2300C7D9FE /* Release */ = {
			isa = XCBuildConfiguration;
			buildSettings = {
				ALWAYS_SEARCH_USER_PATHS = NO;
				ASSETCATALOG_COMPILER_APPICON_NAME = AppIcon;
				CLANG_ANALYZER_NONNULL = YES;
				CLANG_ANALYZER_NUMBER_OBJECT_CONVERSION = YES_AGGRESSIVE;
				CLANG_CXX_LANGUAGE_STANDARD = "gnu++14";
				CLANG_CXX_LIBRARY = "libc++";
				CLANG_ENABLE_MODULES = YES;
				CLANG_ENABLE_OBJC_ARC = YES;
				CLANG_ENABLE_OBJC_WEAK = YES;
				CLANG_WARN_BLOCK_CAPTURE_AUTORELEASING = YES;
				CLANG_WARN_BOOL_CONVERSION = YES;
				CLANG_WARN_COMMA = YES;
				CLANG_WARN_CONSTANT_CONVERSION = YES;
				CLANG_WARN_DEPRECATED_OBJC_IMPLEMENTATIONS = YES;
				CLANG_WARN_DIRECT_OBJC_ISA_USAGE = YES_ERROR;
				CLANG_WARN_DOCUMENTATION_COMMENTS = YES;
				CLANG_WARN_EMPTY_BODY = YES;
				CLANG_WARN_ENUM_CONVERSION = YES;
				CLANG_WARN_INFINITE_RECURSION = YES;
				CLANG_WARN_INT_CONVERSION = YES;
				CLANG_WARN_NON_LITERAL_NULL_CONVERSION = YES;
				CLANG_WARN_OBJC_IMPLICIT_RETAIN_SELF = YES;
				CLANG_WARN_OBJC_LITERAL_CONVERSION = YES;
				CLANG_WARN_OBJC_ROOT_CLASS = YES_ERROR;
				CLANG_WARN_RANGE_LOOP_ANALYSIS = YES;
				CLANG_WARN_STRICT_PROTOTYPES = YES;
				CLANG_WARN_SUSPICIOUS_MOVE = YES;
				CLANG_WARN_UNGUARDED_AVAILABILITY = YES_AGGRESSIVE;
				CLANG_WARN_UNREACHABLE_CODE = YES;
				CLANG_WARN__DUPLICATE_METHOD_MATCH = YES;
				CODE_SIGN_STYLE = Automatic;
				COPY_PHASE_STRIP = NO;
				CURRENT_PROJECT_VERSION = 3;
				DEBUG_INFORMATION_FORMAT = "dwarf-with-dsym";
				DEVELOPMENT_TEAM = 9MF8G8D9Y5;
				ENABLE_NS_ASSERTIONS = NO;
				ENABLE_STRICT_OBJC_MSGSEND = YES;
				GCC_C_LANGUAGE_STANDARD = gnu11;
				GCC_NO_COMMON_BLOCKS = YES;
				GCC_WARN_64_TO_32_BIT_CONVERSION = YES;
				GCC_WARN_ABOUT_RETURN_TYPE = YES_ERROR;
				GCC_WARN_UNDECLARED_SELECTOR = YES;
				GCC_WARN_UNINITIALIZED_AUTOS = YES_AGGRESSIVE;
				GCC_WARN_UNUSED_FUNCTION = YES;
				GCC_WARN_UNUSED_VARIABLE = YES;
				INFOPLIST_FILE = TimelaneTestApp/Info.plist;
				IPHONEOS_DEPLOYMENT_TARGET = 13.2;
				LD_RUNPATH_SEARCH_PATHS = (
					"$(inherited)",
					"@executable_path/Frameworks",
				);
				MARKETING_VERSION = 1.0.0;
				MTL_ENABLE_DEBUG_INFO = NO;
				MTL_FAST_MATH = YES;
				PRODUCT_BUNDLE_IDENTIFIER = com.underplot.TimelaneTestApp;
				PRODUCT_NAME = "$(TARGET_NAME)";
				SDKROOT = iphoneos;
				SWIFT_COMPILATION_MODE = wholemodule;
				SWIFT_OPTIMIZATION_LEVEL = "-O";
				SWIFT_VERSION = 5.0;
				TARGETED_DEVICE_FAMILY = 1;
				VALIDATE_PRODUCT = YES;
			};
			name = Release;
		};
/* End XCBuildConfiguration section */

/* Begin XCConfigurationList section */
		9C05A1F123ED6EB900F1327C /* Build configuration list for PBXNativeTarget "TimelaneTestAppTests" */ = {
			isa = XCConfigurationList;
			buildConfigurations = (
				9C05A1EF23ED6EB900F1327C /* Debug */,
				9C05A1F023ED6EB900F1327C /* Release */,
			);
			defaultConfigurationIsVisible = 0;
			defaultConfigurationName = Release;
		};
		9CEEA2F023DCE9D800C7D9FE /* Build configuration list for PBXProject "TimelaneInstrument" */ = {
			isa = XCConfigurationList;
			buildConfigurations = (
				9CEEA2EE23DCE9D800C7D9FE /* Debug */,
				9CEEA2EF23DCE9D800C7D9FE /* Release */,
			);
			defaultConfigurationIsVisible = 0;
			defaultConfigurationName = Release;
		};
		9CEEA2F823DCE9D800C7D9FE /* Build configuration list for PBXNativeTarget "TimelaneInstrument" */ = {
			isa = XCConfigurationList;
			buildConfigurations = (
				9CEEA2F923DCE9D800C7D9FE /* Debug */,
				9CEEA2FA23DCE9D800C7D9FE /* Release */,
			);
			defaultConfigurationIsVisible = 0;
			defaultConfigurationName = Release;
		};
		9CEEA31023DCEA2300C7D9FE /* Build configuration list for PBXNativeTarget "TimelaneTestApp" */ = {
			isa = XCConfigurationList;
			buildConfigurations = (
				9CEEA31123DCEA2300C7D9FE /* Debug */,
				9CEEA31223DCEA2300C7D9FE /* Release */,
			);
			defaultConfigurationIsVisible = 0;
			defaultConfigurationName = Release;
		};
/* End XCConfigurationList section */

/* Begin XCRemoteSwiftPackageReference section */
		9CE69BBC23DCF70E00E91DA4 /* XCRemoteSwiftPackageReference "TimelaneCombine" */ = {
			isa = XCRemoteSwiftPackageReference;
			repositoryURL = "https://github.com/icanzilb/TimelaneCombine.git";
			requirement = {
				kind = upToNextMajorVersion;
				minimumVersion = 1.0.0;
			};
		};
/* End XCRemoteSwiftPackageReference section */

/* Begin XCSwiftPackageProductDependency section */
		9CE69BBD23DCF70E00E91DA4 /* TimelaneCombine */ = {
			isa = XCSwiftPackageProductDependency;
			package = 9CE69BBC23DCF70E00E91DA4 /* XCRemoteSwiftPackageReference "TimelaneCombine" */;
			productName = TimelaneCombine;
		};
/* End XCSwiftPackageProductDependency section */
	};
	rootObject = 9CEEA2ED23DCE9D800C7D9FE /* Project object */;
}
